PODS:
  - drm_wv_fp_player (0.0.1):
    - Flutter
  - Flutter (1.0.0)

DEPENDENCIES:
  - drm_wv_fp_player (from `.symlinks/plugins/drm_wv_fp_player/ios`)
  - Flutter (from `.symlinks/flutter/ios`)

EXTERNAL SOURCES:
  drm_wv_fp_player:
    :path: ".symlinks/plugins/drm_wv_fp_player/ios"
  Flutter:
    :path: ".symlinks/flutter/ios"

SPEC CHECKSUMS:
  drm_wv_fp_player: 2813113874064f824aff852488828e6ab95d45d3
  Flutter: 0e3d915762c693b495b44d77113d4970485de6ec

PODFILE CHECKSUM: ebd43b443038e611b86ede96e613bd6033c49497

COCOAPODS: 1.8.4
